
Microsoft Visual Studio Solution File, Format Version 12.00
# Visual Studio 15
VisualStudioVersion = 15.0.26124.0
MinimumVisualStudioVersion = 15.0.26124.0
Project("{2150E333-8FDC-42A3-9474-1A3956D46DE8}") = "src", "src", "{D3E592E6-7D02-4B49-9C94-C66223D42253}"
EndProject
Project("{F2A71F9B-5D33-465A-A702-920D77279786}") = "Elo", "src\Elo\Elo.fsproj", "{F9F7E45A-D9B1-4B38-B2F9-BE81A0A002F0}"
EndProject
Project("{2150E333-8FDC-42A3-9474-1A3956D46DE8}") = "tests", "tests", "{514C9BA0-C99D-4DC1-9FDD-D37287912B50}"
EndProject
Project("{F2A71F9B-5D33-465A-A702-920D77279786}") = "Elo.Test", "tests\Elo.Test\Elo.Test.fsproj", "{6B5216AD-21F2-49D8-999A-7000E6911E69}"
EndProject
Global
	GlobalSection(SolutionConfigurationPlatforms) = preSolution
		Debug|Any CPU = Debug|Any CPU
		Debug|x64 = Debug|x64
		Debug|x86 = Debug|x86
		Release|Any CPU = Release|Any CPU
		Release|x64 = Release|x64
		Release|x86 = Release|x86
	EndGlobalSection
	GlobalSection(SolutionProperties) = preSolution
		HideSolutionNode = FALSE
	EndGlobalSection
	GlobalSection(ProjectConfigurationPlatforms) = postSolution
		{F9F7E45A-D9B1-4B38-B2F9-BE81A0A002F0}.Debug|Any CPU.ActiveCfg = Debug|Any CPU
		{F9F7E45A-D9B1-4B38-B2F9-BE81A0A002F0}.Debug|Any CPU.Build.0 = Debug|Any CPU
		{F9F7E45A-D9B1-4B38-B2F9-BE81A0A002F0}.Debug|x64.ActiveCfg = Debug|Any CPU
		{F9F7E45A-D9B1-4B38-B2F9-BE81A0A002F0}.Debug|x64.Build.0 = Debug|Any CPU
		{F9F7E45A-D9B1-4B38-B2F9-BE81A0A002F0}.Debug|x86.ActiveCfg = Debug|Any CPU
		{F9F7E45A-D9B1-4B38-B2F9-BE81A0A002F0}.Debug|x86.Build.0 = Debug|Any CPU
		{F9F7E45A-D9B1-4B38-B2F9-BE81A0A002F0}.Release|Any CPU.ActiveCfg = Release|Any CPU
		{F9F7E45A-D9B1-4B38-B2F9-BE81A0A002F0}.Release|Any CPU.Build.0 = Release|Any CPU
		{F9F7E45A-D9B1-4B38-B2F9-BE81A0A002F0}.Release|x64.ActiveCfg = Release|Any CPU
		{F9F7E45A-D9B1-4B38-B2F9-BE81A0A002F0}.Release|x64.Build.0 = Release|Any CPU
		{F9F7E45A-D9B1-4B38-B2F9-BE81A0A002F0}.Release|x86.ActiveCfg = Release|Any CPU
		{F9F7E45A-D9B1-4B38-B2F9-BE81A0A002F0}.Release|x86.Build.0 = Release|Any CPU
		{6B5216AD-21F2-49D8-999A-7000E6911E69}.Debug|Any CPU.ActiveCfg = Debug|Any CPU
		{6B5216AD-21F2-49D8-999A-7000E6911E69}.Debug|Any CPU.Build.0 = Debug|Any CPU
		{6B5216AD-21F2-49D8-999A-7000E6911E69}.Debug|x64.ActiveCfg = Debug|Any CPU
		{6B5216AD-21F2-49D8-999A-7000E6911E69}.Debug|x64.Build.0 = Debug|Any CPU
		{6B5216AD-21F2-49D8-999A-7000E6911E69}.Debug|x86.ActiveCfg = Debug|Any CPU
		{6B5216AD-21F2-49D8-999A-7000E6911E69}.Debug|x86.Build.0 = Debug|Any CPU
		{6B5216AD-21F2-49D8-999A-7000E6911E69}.Release|Any CPU.ActiveCfg = Release|Any CPU
		{6B5216AD-21F2-49D8-999A-7000E6911E69}.Release|Any CPU.Build.0 = Release|Any CPU
		{6B5216AD-21F2-49D8-999A-7000E6911E69}.Release|x64.ActiveCfg = Release|Any CPU
		{6B5216AD-21F2-49D8-999A-7000E6911E69}.Release|x64.Build.0 = Release|Any CPU
		{6B5216AD-21F2-49D8-999A-7000E6911E69}.Release|x86.ActiveCfg = Release|Any CPU
		{6B5216AD-21F2-49D8-999A-7000E6911E69}.Release|x86.Build.0 = Release|Any CPU
	EndGlobalSection
	GlobalSection(NestedProjects) = preSolution
		{F9F7E45A-D9B1-4B38-B2F9-BE81A0A002F0} = {D3E592E6-7D02-4B49-9C94-C66223D42253}
		{6B5216AD-21F2-49D8-999A-7000E6911E69} = {514C9BA0-C99D-4DC1-9FDD-D37287912B50}
	EndGlobalSection
EndGlobal
